# This file is automatically @generated by Poetry 1.4.1 and should not be changed by hand.

[[package]]
name = "PakietDemo"
version = "1.4"
description = "Aplikacja: pakiet demonstracyjny"
category = "main"
optional = false
python-versions = "*"
files = []
develop = false

[package.source]
type = "git"
url = "https://git@github.com/piotrczaja/pakiet-demo.git"
reference = "HEAD"
resolved_reference = "1f347022a64c55a1c0647a59008d917e67d90073"

[metadata]
lock-version = "2.0"
python-versions = "3.11.2"
content-hash = "538915d03039623fd8d05c8efd3634fd7f9bb7f6706bdc1430cf360907f5e269"
